
Microsoft Visual Studio Solution File, Format Version 12.00
# Visual Studio 15
VisualStudioVersion = 15.0.27130.2020
MinimumVisualStudioVersion = 10.0.40219.1
Project("{888888A0-9F3D-457C-B088-3A5042F75D52}") = "Breakfast", "Breakfast\Breakfast.pyproj", "{8D71085E-72C9-4AEC-BE3E-1B249ABB6AEB}"
EndProject
Global
	GlobalSection(SolutionConfigurationPlatforms) = preSolution
		Debug|Any CPU = Debug|Any CPU
		Release|Any CPU = Release|Any CPU
	EndGlobalSection
	GlobalSection(ProjectConfigurationPlatforms) = postSolution
		{8D71085E-72C9-4AEC-BE3E-1B249ABB6AEB}.Debug|Any CPU.ActiveCfg = Debug|Any CPU
		{8D71085E-72C9-4AEC-BE3E-1B249ABB6AEB}.Debug|Any CPU.Build.0 = Debug|Any CPU
		{8D71085E-72C9-4AEC-BE3E-1B249ABB6AEB}.Release|Any CPU.ActiveCfg = Release|Any CPU
		{8D71085E-72C9-4AEC-BE3E-1B249ABB6AEB}.Release|Any CPU.Build.0 = Release|Any CPU
	EndGlobalSection
	GlobalSection(SolutionProperties) = preSolution
		HideSolutionNode = FALSE
	EndGlobalSection
	GlobalSection(ExtensibilityGlobals) = postSolution
		SolutionGuid = {61D71761-9C8A-4451-908B-017DD5BF64C4}
	EndGlobalSection
EndGlobal
